
Microsoft Visual Studio Solution File, Format Version 12.00
# Visual Studio Version 17
VisualStudioVersion = 17.0.31903.59
MinimumVisualStudioVersion = 10.0.40219.1
Project("{FAE04EC0-301F-11D3-BF4B-00C04F79EFBC}") = "API", "API\API.csproj", "{AC05A812-FB28-4DB2-9749-1B8CB127A57D}"
EndProject
Project("{FAE04EC0-301F-11D3-BF4B-00C04F79EFBC}") = "Application", "Application\Application.csproj", "{69FB155F-A1C7-4467-BBE2-C1CD0EC9A398}"
EndProject
Project("{FAE04EC0-301F-11D3-BF4B-00C04F79EFBC}") = "Domain", "Domain\Domain.csproj", "{4BC7E8EA-C91A-4C24-B306-ED492493223F}"
EndProject
Project("{FAE04EC0-301F-11D3-BF4B-00C04F79EFBC}") = "Persistence", "Persistence\Persistence.csproj", "{3CBF14AB-85FA-47C8-BC4C-A8D882502031}"
EndProject
Global
	GlobalSection(SolutionConfigurationPlatforms) = preSolution
		Debug|Any CPU = Debug|Any CPU
		Release|Any CPU = Release|Any CPU
	EndGlobalSection
	GlobalSection(SolutionProperties) = preSolution
		HideSolutionNode = FALSE
	EndGlobalSection
	GlobalSection(ProjectConfigurationPlatforms) = postSolution
		{AC05A812-FB28-4DB2-9749-1B8CB127A57D}.Debug|Any CPU.ActiveCfg = Debug|Any CPU
		{AC05A812-FB28-4DB2-9749-1B8CB127A57D}.Debug|Any CPU.Build.0 = Debug|Any CPU
		{AC05A812-FB28-4DB2-9749-1B8CB127A57D}.Release|Any CPU.ActiveCfg = Release|Any CPU
		{AC05A812-FB28-4DB2-9749-1B8CB127A57D}.Release|Any CPU.Build.0 = Release|Any CPU
		{69FB155F-A1C7-4467-BBE2-C1CD0EC9A398}.Debug|Any CPU.ActiveCfg = Debug|Any CPU
		{69FB155F-A1C7-4467-BBE2-C1CD0EC9A398}.Debug|Any CPU.Build.0 = Debug|Any CPU
		{69FB155F-A1C7-4467-BBE2-C1CD0EC9A398}.Release|Any CPU.ActiveCfg = Release|Any CPU
		{69FB155F-A1C7-4467-BBE2-C1CD0EC9A398}.Release|Any CPU.Build.0 = Release|Any CPU
		{4BC7E8EA-C91A-4C24-B306-ED492493223F}.Debug|Any CPU.ActiveCfg = Debug|Any CPU
		{4BC7E8EA-C91A-4C24-B306-ED492493223F}.Debug|Any CPU.Build.0 = Debug|Any CPU
		{4BC7E8EA-C91A-4C24-B306-ED492493223F}.Release|Any CPU.ActiveCfg = Release|Any CPU
		{4BC7E8EA-C91A-4C24-B306-ED492493223F}.Release|Any CPU.Build.0 = Release|Any CPU
		{3CBF14AB-85FA-47C8-BC4C-A8D882502031}.Debug|Any CPU.ActiveCfg = Debug|Any CPU
		{3CBF14AB-85FA-47C8-BC4C-A8D882502031}.Debug|Any CPU.Build.0 = Debug|Any CPU
		{3CBF14AB-85FA-47C8-BC4C-A8D882502031}.Release|Any CPU.ActiveCfg = Release|Any CPU
		{3CBF14AB-85FA-47C8-BC4C-A8D882502031}.Release|Any CPU.Build.0 = Release|Any CPU
	EndGlobalSection
EndGlobal
